
Microsoft Visual Studio Solution File, Format Version 12.00
# Visual Studio Version 16
VisualStudioVersion = 16.0.30907.101
MinimumVisualStudioVersion = 10.0.40219.1
Project("{FAE04EC0-301F-11D3-BF4B-00C04F79EFBC}") = "MagicList", "MagicList.csproj", "{58FE14B2-D906-40C4-88F9-BA5EBC5F6840}"
EndProject
Project("{FAE04EC0-301F-11D3-BF4B-00C04F79EFBC}") = "NotificationToast", "NotificationToast\NotificationToast.csproj", "{D4A9D98B-9BB9-4F08-9C66-F597CAF83F6B}"
EndProject
Project("{FAE04EC0-301F-11D3-BF4B-00C04F79EFBC}") = "NotificationClass", "NotificationClass\NotificationClass.csproj", "{DED841C0-46EB-480D-B073-02C3A13178F1}"
EndProject
Project("{FAE04EC0-301F-11D3-BF4B-00C04F79EFBC}") = "TaskDataClass", "TaskDataClass\TaskDataClass.csproj", "{BD378832-76A2-4F25-AC3A-83F1EB12AAF1}"
EndProject
Project("{FAE04EC0-301F-11D3-BF4B-00C04F79EFBC}") = "BackgroundEffect", "BackgroundEffect\BackgroundEffect.csproj", "{91FBDB20-FBF2-42B7-A8E2-BF59E9FDF635}"
EndProject
Global
	GlobalSection(SolutionConfigurationPlatforms) = preSolution
		Debug|Any CPU = Debug|Any CPU
		Debug|ARM = Debug|ARM
		Debug|ARM64 = Debug|ARM64
		Debug|x64 = Debug|x64
		Debug|x86 = Debug|x86
		Release|Any CPU = Release|Any CPU
		Release|ARM = Release|ARM
		Release|ARM64 = Release|ARM64
		Release|x64 = Release|x64
		Release|x86 = Release|x86
	EndGlobalSection
	GlobalSection(ProjectConfigurationPlatforms) = postSolution
		{58FE14B2-D906-40C4-88F9-BA5EBC5F6840}.Debug|Any CPU.ActiveCfg = Debug|x86
		{58FE14B2-D906-40C4-88F9-BA5EBC5F6840}.Debug|ARM.ActiveCfg = Debug|ARM
		{58FE14B2-D906-40C4-88F9-BA5EBC5F6840}.Debug|ARM.Build.0 = Debug|ARM
		{58FE14B2-D906-40C4-88F9-BA5EBC5F6840}.Debug|ARM.Deploy.0 = Debug|ARM
		{58FE14B2-D906-40C4-88F9-BA5EBC5F6840}.Debug|ARM64.ActiveCfg = Debug|ARM64
		{58FE14B2-D906-40C4-88F9-BA5EBC5F6840}.Debug|ARM64.Build.0 = Debug|ARM64
		{58FE14B2-D906-40C4-88F9-BA5EBC5F6840}.Debug|ARM64.Deploy.0 = Debug|ARM64
		{58FE14B2-D906-40C4-88F9-BA5EBC5F6840}.Debug|x64.ActiveCfg = Debug|x64
		{58FE14B2-D906-40C4-88F9-BA5EBC5F6840}.Debug|x64.Build.0 = Debug|x64
		{58FE14B2-D906-40C4-88F9-BA5EBC5F6840}.Debug|x64.Deploy.0 = Debug|x64
		{58FE14B2-D906-40C4-88F9-BA5EBC5F6840}.Debug|x86.ActiveCfg = Debug|x86
		{58FE14B2-D906-40C4-88F9-BA5EBC5F6840}.Debug|x86.Build.0 = Debug|x86
		{58FE14B2-D906-40C4-88F9-BA5EBC5F6840}.Debug|x86.Deploy.0 = Debug|x86
		{58FE14B2-D906-40C4-88F9-BA5EBC5F6840}.Release|Any CPU.ActiveCfg = Release|x86
		{58FE14B2-D906-40C4-88F9-BA5EBC5F6840}.Release|ARM.ActiveCfg = Release|ARM
		{58FE14B2-D906-40C4-88F9-BA5EBC5F6840}.Release|ARM.Build.0 = Release|ARM
		{58FE14B2-D906-40C4-88F9-BA5EBC5F6840}.Release|ARM.Deploy.0 = Release|ARM
		{58FE14B2-D906-40C4-88F9-BA5EBC5F6840}.Release|ARM64.ActiveCfg = Release|ARM64
		{58FE14B2-D906-40C4-88F9-BA5EBC5F6840}.Release|ARM64.Build.0 = Release|ARM64
		{58FE14B2-D906-40C4-88F9-BA5EBC5F6840}.Release|ARM64.Deploy.0 = Release|ARM64
		{58FE14B2-D906-40C4-88F9-BA5EBC5F6840}.Release|x64.ActiveCfg = Release|x64
		{58FE14B2-D906-40C4-88F9-BA5EBC5F6840}.Release|x64.Build.0 = Release|x64
		{58FE14B2-D906-40C4-88F9-BA5EBC5F6840}.Release|x64.Deploy.0 = Release|x64
		{58FE14B2-D906-40C4-88F9-BA5EBC5F6840}.Release|x86.ActiveCfg = Release|x86
		{58FE14B2-D906-40C4-88F9-BA5EBC5F6840}.Release|x86.Build.0 = Release|x86
		{58FE14B2-D906-40C4-88F9-BA5EBC5F6840}.Release|x86.Deploy.0 = Release|x86
		{D4A9D98B-9BB9-4F08-9C66-F597CAF83F6B}.Debug|Any CPU.ActiveCfg = Debug|Any CPU
		{D4A9D98B-9BB9-4F08-9C66-F597CAF83F6B}.Debug|Any CPU.Build.0 = Debug|Any CPU
		{D4A9D98B-9BB9-4F08-9C66-F597CAF83F6B}.Debug|ARM.ActiveCfg = Debug|ARM
		{D4A9D98B-9BB9-4F08-9C66-F597CAF83F6B}.Debug|ARM.Build.0 = Debug|ARM
		{D4A9D98B-9BB9-4F08-9C66-F597CAF83F6B}.Debug|ARM64.ActiveCfg = Debug|ARM64
		{D4A9D98B-9BB9-4F08-9C66-F597CAF83F6B}.Debug|ARM64.Build.0 = Debug|ARM64
		{D4A9D98B-9BB9-4F08-9C66-F597CAF83F6B}.Debug|x64.ActiveCfg = Debug|x64
		{D4A9D98B-9BB9-4F08-9C66-F597CAF83F6B}.Debug|x64.Build.0 = Debug|x64
		{D4A9D98B-9BB9-4F08-9C66-F597CAF83F6B}.Debug|x86.ActiveCfg = Debug|x86
		{D4A9D98B-9BB9-4F08-9C66-F597CAF83F6B}.Debug|x86.Build.0 = Debug|x86
		{D4A9D98B-9BB9-4F08-9C66-F597CAF83F6B}.Release|Any CPU.ActiveCfg = Release|Any CPU
		{D4A9D98B-9BB9-4F08-9C66-F597CAF83F6B}.Release|Any CPU.Build.0 = Release|Any CPU
		{D4A9D98B-9BB9-4F08-9C66-F597CAF83F6B}.Release|ARM.ActiveCfg = Release|ARM
		{D4A9D98B-9BB9-4F08-9C66-F597CAF83F6B}.Release|ARM.Build.0 = Release|ARM
		{D4A9D98B-9BB9-4F08-9C66-F597CAF83F6B}.Release|ARM64.ActiveCfg = Release|ARM64
		{D4A9D98B-9BB9-4F08-9C66-F597CAF83F6B}.Release|ARM64.Build.0 = Release|ARM64
		{D4A9D98B-9BB9-4F08-9C66-F597CAF83F6B}.Release|x64.ActiveCfg = Release|x64
		{D4A9D98B-9BB9-4F08-9C66-F597CAF83F6B}.Release|x64.Build.0 = Release|x64
		{D4A9D98B-9BB9-4F08-9C66-F597CAF83F6B}.Release|x86.ActiveCfg = Release|x86
		{D4A9D98B-9BB9-4F08-9C66-F597CAF83F6B}.Release|x86.Build.0 = Release|x86
		{DED841C0-46EB-480D-B073-02C3A13178F1}.Debug|Any CPU.ActiveCfg = Debug|Any CPU
		{DED841C0-46EB-480D-B073-02C3A13178F1}.Debug|Any CPU.Build.0 = Debug|Any CPU
		{DED841C0-46EB-480D-B073-02C3A13178F1}.Debug|ARM.ActiveCfg = Debug|ARM
		{DED841C0-46EB-480D-B073-02C3A13178F1}.Debug|ARM.Build.0 = Debug|ARM
		{DED841C0-46EB-480D-B073-02C3A13178F1}.Debug|ARM64.ActiveCfg = Debug|ARM64
		{DED841C0-46EB-480D-B073-02C3A13178F1}.Debug|ARM64.Build.0 = Debug|ARM64
		{DED841C0-46EB-480D-B073-02C3A13178F1}.Debug|x64.ActiveCfg = Debug|x64
		{DED841C0-46EB-480D-B073-02C3A13178F1}.Debug|x64.Build.0 = Debug|x64
		{DED841C0-46EB-480D-B073-02C3A13178F1}.Debug|x86.ActiveCfg = Debug|x86
		{DED841C0-46EB-480D-B073-02C3A13178F1}.Debug|x86.Build.0 = Debug|x86
		{DED841C0-46EB-480D-B073-02C3A13178F1}.Release|Any CPU.ActiveCfg = Release|Any CPU
		{DED841C0-46EB-480D-B073-02C3A13178F1}.Release|Any CPU.Build.0 = Release|Any CPU
		{DED841C0-46EB-480D-B073-02C3A13178F1}.Release|ARM.ActiveCfg = Release|ARM
		{DED841C0-46EB-480D-B073-02C3A13178F1}.Release|ARM.Build.0 = Release|ARM
		{DED841C0-46EB-480D-B073-02C3A13178F1}.Release|ARM64.ActiveCfg = Release|ARM64
		{DED841C0-46EB-480D-B073-02C3A13178F1}.Release|ARM64.Build.0 = Release|ARM64
		{DED841C0-46EB-480D-B073-02C3A13178F1}.Release|x64.ActiveCfg = Release|x64
		{DED841C0-46EB-480D-B073-02C3A13178F1}.Release|x64.Build.0 = Release|x64
		{DED841C0-46EB-480D-B073-02C3A13178F1}.Release|x86.ActiveCfg = Release|x86
		{DED841C0-46EB-480D-B073-02C3A13178F1}.Release|x86.Build.0 = Release|x86
		{BD378832-76A2-4F25-AC3A-83F1EB12AAF1}.Debug|Any CPU.ActiveCfg = Debug|Any CPU
		{BD378832-76A2-4F25-AC3A-83F1EB12AAF1}.Debug|Any CPU.Build.0 = Debug|Any CPU
		{BD378832-76A2-4F25-AC3A-83F1EB12AAF1}.Debug|ARM.ActiveCfg = Debug|ARM
		{BD378832-76A2-4F25-AC3A-83F1EB12AAF1}.Debug|ARM.Build.0 = Debug|ARM
		{BD378832-76A2-4F25-AC3A-83F1EB12AAF1}.Debug|ARM64.ActiveCfg = Debug|ARM64
		{BD378832-76A2-4F25-AC3A-83F1EB12AAF1}.Debug|ARM64.Build.0 = Debug|ARM64
		{BD378832-76A2-4F25-AC3A-83F1EB12AAF1}.Debug|x64.ActiveCfg = Debug|x64
		{BD378832-76A2-4F25-AC3A-83F1EB12AAF1}.Debug|x64.Build.0 = Debug|x64
		{BD378832-76A2-4F25-AC3A-83F1EB12AAF1}.Debug|x86.ActiveCfg = Debug|x86
		{BD378832-76A2-4F25-AC3A-83F1EB12AAF1}.Debug|x86.Build.0 = Debug|x86
		{BD378832-76A2-4F25-AC3A-83F1EB12AAF1}.Release|Any CPU.ActiveCfg = Release|Any CPU
		{BD378832-76A2-4F25-AC3A-83F1EB12AAF1}.Release|Any CPU.Build.0 = Release|Any CPU
		{BD378832-76A2-4F25-AC3A-83F1EB12AAF1}.Release|ARM.ActiveCfg = Release|ARM
		{BD378832-76A2-4F25-AC3A-83F1EB12AAF1}.Release|ARM.Build.0 = Release|ARM
		{BD378832-76A2-4F25-AC3A-83F1EB12AAF1}.Release|ARM64.ActiveCfg = Release|ARM64
		{BD378832-76A2-4F25-AC3A-83F1EB12AAF1}.Release|ARM64.Build.0 = Release|ARM64
		{BD378832-76A2-4F25-AC3A-83F1EB12AAF1}.Release|x64.ActiveCfg = Release|x64
		{BD378832-76A2-4F25-AC3A-83F1EB12AAF1}.Release|x64.Build.0 = Release|x64
		{BD378832-76A2-4F25-AC3A-83F1EB12AAF1}.Release|x86.ActiveCfg = Release|x86
		{BD378832-76A2-4F25-AC3A-83F1EB12AAF1}.Release|x86.Build.0 = Release|x86
		{91FBDB20-FBF2-42B7-A8E2-BF59E9FDF635}.Debug|Any CPU.ActiveCfg = Debug|Any CPU
		{91FBDB20-FBF2-42B7-A8E2-BF59E9FDF635}.Debug|Any CPU.Build.0 = Debug|Any CPU
		{91FBDB20-FBF2-42B7-A8E2-BF59E9FDF635}.Debug|ARM.ActiveCfg = Debug|ARM
		{91FBDB20-FBF2-42B7-A8E2-BF59E9FDF635}.Debug|ARM.Build.0 = Debug|ARM
		{91FBDB20-FBF2-42B7-A8E2-BF59E9FDF635}.Debug|ARM64.ActiveCfg = Debug|ARM64
		{91FBDB20-FBF2-42B7-A8E2-BF59E9FDF635}.Debug|ARM64.Build.0 = Debug|ARM64
		{91FBDB20-FBF2-42B7-A8E2-BF59E9FDF635}.Debug|x64.ActiveCfg = Debug|x64
		{91FBDB20-FBF2-42B7-A8E2-BF59E9FDF635}.Debug|x64.Build.0 = Debug|x64
		{91FBDB20-FBF2-42B7-A8E2-BF59E9FDF635}.Debug|x86.ActiveCfg = Debug|x86
		{91FBDB20-FBF2-42B7-A8E2-BF59E9FDF635}.Debug|x86.Build.0 = Debug|x86
		{91FBDB20-FBF2-42B7-A8E2-BF59E9FDF635}.Release|Any CPU.ActiveCfg = Release|Any CPU
		{91FBDB20-FBF2-42B7-A8E2-BF59E9FDF635}.Release|Any CPU.Build.0 = Release|Any CPU
		{91FBDB20-FBF2-42B7-A8E2-BF59E9FDF635}.Release|ARM.ActiveCfg = Release|ARM
		{91FBDB20-FBF2-42B7-A8E2-BF59E9FDF635}.Release|ARM.Build.0 = Release|ARM
		{91FBDB20-FBF2-42B7-A8E2-BF59E9FDF635}.Release|ARM64.ActiveCfg = Release|ARM64
		{91FBDB20-FBF2-42B7-A8E2-BF59E9FDF635}.Release|ARM64.Build.0 = Release|ARM64
		{91FBDB20-FBF2-42B7-A8E2-BF59E9FDF635}.Release|x64.ActiveCfg = Release|x64
		{91FBDB20-FBF2-42B7-A8E2-BF59E9FDF635}.Release|x64.Build.0 = Release|x64
		{91FBDB20-FBF2-42B7-A8E2-BF59E9FDF635}.Release|x86.ActiveCfg = Release|x86
		{91FBDB20-FBF2-42B7-A8E2-BF59E9FDF635}.Release|x86.Build.0 = Release|x86
	EndGlobalSection
	GlobalSection(SolutionProperties) = preSolution
		HideSolutionNode = FALSE
	EndGlobalSection
	GlobalSection(ExtensibilityGlobals) = postSolution
		SolutionGuid = {4FC83696-0FEE-4817-9666-787CB9F584DB}
	EndGlobalSection
EndGlobal
